
Microsoft Visual Studio Solution File, Format Version 12.00
# Visual Studio Version 17
VisualStudioVersion = 17.9.34902.65
MinimumVisualStudioVersion = 10.0.40219.1
Project("{9A19103F-16F7-4668-BE54-9A1E7A4F7556}") = "Amazon.CLI", "Amazon.CLI\Amazon.CLI.csproj", "{347CDC89-2688-4BE6-A7FA-D46C5B15801F}"
	ProjectSection(ProjectDependencies) = postProject
		{7EE6075A-DCD3-40CB-AA84-E4CDB6592F61} = {7EE6075A-DCD3-40CB-AA84-E4CDB6592F61}
	EndProjectSection
EndProject
Project("{9A19103F-16F7-4668-BE54-9A1E7A4F7556}") = "Amazon.Library", "Amazon.Library\Amazon.Library.csproj", "{7EE6075A-DCD3-40CB-AA84-E4CDB6592F61}"
EndProject
Project("{FAE04EC0-301F-11D3-BF4B-00C04F79EFBC}") = "AmazonApp", "AmazonApp\AmazonApp.csproj", "{978B8AD2-7345-4740-830B-38EFE78CB8F9}"
EndProject
Global
	GlobalSection(SolutionConfigurationPlatforms) = preSolution
		Debug|Any CPU = Debug|Any CPU
		Release|Any CPU = Release|Any CPU
	EndGlobalSection
	GlobalSection(ProjectConfigurationPlatforms) = postSolution
		{347CDC89-2688-4BE6-A7FA-D46C5B15801F}.Debug|Any CPU.ActiveCfg = Debug|Any CPU
		{347CDC89-2688-4BE6-A7FA-D46C5B15801F}.Debug|Any CPU.Build.0 = Debug|Any CPU
		{347CDC89-2688-4BE6-A7FA-D46C5B15801F}.Release|Any CPU.ActiveCfg = Release|Any CPU
		{347CDC89-2688-4BE6-A7FA-D46C5B15801F}.Release|Any CPU.Build.0 = Release|Any CPU
		{7EE6075A-DCD3-40CB-AA84-E4CDB6592F61}.Debug|Any CPU.ActiveCfg = Debug|Any CPU
		{7EE6075A-DCD3-40CB-AA84-E4CDB6592F61}.Debug|Any CPU.Build.0 = Debug|Any CPU
		{7EE6075A-DCD3-40CB-AA84-E4CDB6592F61}.Release|Any CPU.ActiveCfg = Release|Any CPU
		{7EE6075A-DCD3-40CB-AA84-E4CDB6592F61}.Release|Any CPU.Build.0 = Release|Any CPU
		{978B8AD2-7345-4740-830B-38EFE78CB8F9}.Debug|Any CPU.ActiveCfg = Debug|Any CPU
		{978B8AD2-7345-4740-830B-38EFE78CB8F9}.Debug|Any CPU.Build.0 = Debug|Any CPU
		{978B8AD2-7345-4740-830B-38EFE78CB8F9}.Debug|Any CPU.Deploy.0 = Debug|Any CPU
		{978B8AD2-7345-4740-830B-38EFE78CB8F9}.Release|Any CPU.ActiveCfg = Release|Any CPU
		{978B8AD2-7345-4740-830B-38EFE78CB8F9}.Release|Any CPU.Build.0 = Release|Any CPU
		{978B8AD2-7345-4740-830B-38EFE78CB8F9}.Release|Any CPU.Deploy.0 = Release|Any CPU
	EndGlobalSection
	GlobalSection(SolutionProperties) = preSolution
		HideSolutionNode = FALSE
	EndGlobalSection
	GlobalSection(ExtensibilityGlobals) = postSolution
		SolutionGuid = {95690519-43FA-4AB1-90F7-FC0ED493C17D}
	EndGlobalSection
EndGlobal
